{
  "requires": true,
  "lockfileVersion": 1,
  "dependencies": {
    "framer-motion": {
      "version": "11.3.21",
      "resolved": "https://registry.npmjs.org/framer-motion/-/framer-motion-11.3.21.tgz",
      "integrity": "sha512-D+hfIsvzV8eL/iycld4K+tKlg2Q2LdwnrcBEohtGw3cG1AIuNYATbT5RUqIM1ndsAk+EfGhoSGf0UaiFodc5Tw==",
      "requires": {
        "tslib": "^2.4.0"
      }
    },
    "tslib": {
      "version": "2.6.3",
      "resolved": "https://registry.npmjs.org/tslib/-/tslib-2.6.3.tgz",
      "integrity": "sha512-xNvxJEOUiWPGhUuUdQgAJPKOOJfGnIyKySOc09XkKsgdUV/3E2zvwZYdejjmRgPCgcym1juLH3226yA7sEFJKQ=="
    }
  }
}
